{
  "nodes": {
    "auto-pairs": {
      "flake": false,
      "locked": {
        "lastModified": 1733147311,
        "narHash": "sha256-V8++6qZFsUOQsg0GCC+5PpPgAHsR9mCKB4YDnNBL/QQ=",
        "owner": "alexherbo2",
        "repo": "auto-pairs.kak",
        "rev": "e812ee6006b1c3d8c9afa45a0a90d28714636f81",
        "type": "github"
      },
      "original": {
        "owner": "alexherbo2",
        "repo": "auto-pairs.kak",
        "type": "github"
      }
    },
    "friendly-snippets": {
      "flake": false,
      "locked": {
        "lastModified": 1789094887,
        "narHash": "sha256-Wp10iRKSn6yNUmNbu2o10cKPkytNjs0cdjBUpEYVlow=",
        "owner": "rafamadriz",
        "repo": "friendly-snippets",
        "rev": "b4d01b0fdf3c9a549961c2f9ffe8dc09be166219",
        "type": "github"
      },
      "original": {
        "owner": "rafamadriz",
        "repo": "friendly-snippets",
        "type": "github"
      }
    },
    "helix": {
      "flake": false,
      "locked": {
        "lastModified": 1784822617,
        "narHash": "sha256-IYDL6Vnf13Sa+wbeXZTAxvdLA4h8Ew5ha0spcJy/Yk0=",
        "owner": "helix-editor",
        "repo": "helix",
        "rev": "079a789e8cb08ead67f19e1971a1b7438b37354b",
        "type": "github"
      },
      "original": {
        "owner": "helix-editor",
        "repo": "helix",
        "type": "github"
      }
    },
    "kak-rainbow": {
      "flake": false,
      "locked": {
        "lastModified": 1598911431,
        "narHash": "sha256-ryYq4A89wVUsxgvt4YqBPXsTFMDrMJM6BDBEHrWHD1c=",
        "owner": "Bodhizafa",
        "repo": "kak-rainbow",
        "rev": "9c3d0aa62514134ee5cb86e80855d9712c4e8c4b",
        "type": "github"
      },
      "original": {
        "owner": "Bodhizafa",
        "repo": "kak-rainbow",
        "type": "github"
      }
    },
    "kakoune-surround": {
      "flake": false,
      "locked": {
        "lastModified": 1537174588,
        "narHash": "sha256-0PicMTkYRnhtrFAMWVgynE4HfoL9/EHZIu4rTSE+zSU=",
        "owner": "h-youhei",
        "repo": "kakoune-surround",
        "rev": "efe74c6f434d1e30eff70d4b0d737f55bf6c5022",
        "type": "github"
      },
      "original": {
        "owner": "h-youhei",
        "repo": "kakoune-surround",
        "type": "github"
      }
    },
    "nixpkgs": {
      "locked": {
        "lastModified": 1790046670,
        "narHash": "sha256-MYiI+CzL0tuWgRPjGsKCDHqYs2T3OzMlMQWOYWG0qso=",
        "owner": "NixOS",
        "repo": "nixpkgs",
        "rev": "6774f7bc253789b113a4f39285dc0fa100abeacc",
        "type": "github"
      },
      "original": {
        "owner": "NixOS",
        "ref": "nixos-unstable",
        "repo": "nixpkgs",
        "type": "github"
      }
    },
    "root": {
      "inputs": {
        "auto-pairs": "auto-pairs",
        "friendly-snippets": "friendly-snippets",
        "helix": "helix",
        "kak-rainbow": "kak-rainbow",
        "kakoune-surround": "kakoune-surround",
        "nixpkgs": "nixpkgs"
      }
    }
  },
  "root": "root",
  "version": 7
}
